
Microsoft Visual Studio Solution File, Format Version 12.00
# Visual Studio Version 17
VisualStudioVersion = 17.12.35527.113 d17.12
MinimumVisualStudioVersion = 10.0.40219.1
Project("{FAE04EC0-301F-11D3-BF4B-00C04F79EFBC}") = "zadanie_1", "zadanie_1\zadanie_1.csproj", "{E3FB53E7-049C-4752-A12A-1260DB8F6A9D}"
EndProject
Global
	GlobalSection(SolutionConfigurationPlatforms) = preSolution
		Debug|Any CPU = Debug|Any CPU
		Release|Any CPU = Release|Any CPU
	EndGlobalSection
	GlobalSection(ProjectConfigurationPlatforms) = postSolution
		{E3FB53E7-049C-4752-A12A-1260DB8F6A9D}.Debug|Any CPU.ActiveCfg = Debug|Any CPU
		{E3FB53E7-049C-4752-A12A-1260DB8F6A9D}.Debug|Any CPU.Build.0 = Debug|Any CPU
		{E3FB53E7-049C-4752-A12A-1260DB8F6A9D}.Release|Any CPU.ActiveCfg = Release|Any CPU
		{E3FB53E7-049C-4752-A12A-1260DB8F6A9D}.Release|Any CPU.Build.0 = Release|Any CPU
	EndGlobalSection
	GlobalSection(SolutionProperties) = preSolution
		HideSolutionNode = FALSE
	EndGlobalSection
EndGlobal
