
Microsoft Visual Studio Solution File, Format Version 12.00
# Visual Studio Version 17
VisualStudioVersion = 17.14.36109.1 d17.14
MinimumVisualStudioVersion = 10.0.40219.1
Project("{FAE04EC0-301F-11D3-BF4B-00C04F79EFBC}") = "з1", "з1\з1.csproj", "{6A098B5E-5EAF-4DC7-8DA4-F26EA30E7529}"
EndProject
Project("{FAE04EC0-301F-11D3-BF4B-00C04F79EFBC}") = "з2", "з2\з2.csproj", "{E6154705-956B-4BC1-BCDA-EFE36C9FBB8C}"
EndProject
Project("{FAE04EC0-301F-11D3-BF4B-00C04F79EFBC}") = "з3", "з3\з3.csproj", "{EDDBDE02-4FDC-4DAA-AA53-AFC7AAC6EA38}"
EndProject
Project("{FAE04EC0-301F-11D3-BF4B-00C04F79EFBC}") = "з4", "з4\з4.csproj", "{71E74FB7-5F62-4B33-8A04-02AE46E4796F}"
EndProject
Project("{FAE04EC0-301F-11D3-BF4B-00C04F79EFBC}") = "з5", "з5\з5.csproj", "{BC8EC93B-46D1-4AC8-9D23-64B76A2E7014}"
EndProject
Project("{FAE04EC0-301F-11D3-BF4B-00C04F79EFBC}") = "з6", "з6\з6.csproj", "{8FF7EE5C-68E8-441C-B9CF-2EC8EC91986E}"
EndProject
Project("{FAE04EC0-301F-11D3-BF4B-00C04F79EFBC}") = "з7", "з7\з7.csproj", "{0AFDA4D3-9AB0-46EC-B6D1-4673FFA5EFCC}"
EndProject
Global
	GlobalSection(SolutionConfigurationPlatforms) = preSolution
		Debug|Any CPU = Debug|Any CPU
		Release|Any CPU = Release|Any CPU
	EndGlobalSection
	GlobalSection(ProjectConfigurationPlatforms) = postSolution
		{6A098B5E-5EAF-4DC7-8DA4-F26EA30E7529}.Debug|Any CPU.ActiveCfg = Debug|Any CPU
		{6A098B5E-5EAF-4DC7-8DA4-F26EA30E7529}.Debug|Any CPU.Build.0 = Debug|Any CPU
		{6A098B5E-5EAF-4DC7-8DA4-F26EA30E7529}.Release|Any CPU.ActiveCfg = Release|Any CPU
		{6A098B5E-5EAF-4DC7-8DA4-F26EA30E7529}.Release|Any CPU.Build.0 = Release|Any CPU
		{E6154705-956B-4BC1-BCDA-EFE36C9FBB8C}.Debug|Any CPU.ActiveCfg = Debug|Any CPU
		{E6154705-956B-4BC1-BCDA-EFE36C9FBB8C}.Debug|Any CPU.Build.0 = Debug|Any CPU
		{E6154705-956B-4BC1-BCDA-EFE36C9FBB8C}.Release|Any CPU.ActiveCfg = Release|Any CPU
		{E6154705-956B-4BC1-BCDA-EFE36C9FBB8C}.Release|Any CPU.Build.0 = Release|Any CPU
		{EDDBDE02-4FDC-4DAA-AA53-AFC7AAC6EA38}.Debug|Any CPU.ActiveCfg = Debug|Any CPU
		{EDDBDE02-4FDC-4DAA-AA53-AFC7AAC6EA38}.Debug|Any CPU.Build.0 = Debug|Any CPU
		{EDDBDE02-4FDC-4DAA-AA53-AFC7AAC6EA38}.Release|Any CPU.ActiveCfg = Release|Any CPU
		{EDDBDE02-4FDC-4DAA-AA53-AFC7AAC6EA38}.Release|Any CPU.Build.0 = Release|Any CPU
		{71E74FB7-5F62-4B33-8A04-02AE46E4796F}.Debug|Any CPU.ActiveCfg = Debug|Any CPU
		{71E74FB7-5F62-4B33-8A04-02AE46E4796F}.Debug|Any CPU.Build.0 = Debug|Any CPU
		{71E74FB7-5F62-4B33-8A04-02AE46E4796F}.Release|Any CPU.ActiveCfg = Release|Any CPU
		{71E74FB7-5F62-4B33-8A04-02AE46E4796F}.Release|Any CPU.Build.0 = Release|Any CPU
		{BC8EC93B-46D1-4AC8-9D23-64B76A2E7014}.Debug|Any CPU.ActiveCfg = Debug|Any CPU
		{BC8EC93B-46D1-4AC8-9D23-64B76A2E7014}.Debug|Any CPU.Build.0 = Debug|Any CPU
		{BC8EC93B-46D1-4AC8-9D23-64B76A2E7014}.Release|Any CPU.ActiveCfg = Release|Any CPU
		{BC8EC93B-46D1-4AC8-9D23-64B76A2E7014}.Release|Any CPU.Build.0 = Release|Any CPU
		{8FF7EE5C-68E8-441C-B9CF-2EC8EC91986E}.Debug|Any CPU.ActiveCfg = Debug|Any CPU
		{8FF7EE5C-68E8-441C-B9CF-2EC8EC91986E}.Debug|Any CPU.Build.0 = Debug|Any CPU
		{8FF7EE5C-68E8-441C-B9CF-2EC8EC91986E}.Release|Any CPU.ActiveCfg = Release|Any CPU
		{8FF7EE5C-68E8-441C-B9CF-2EC8EC91986E}.Release|Any CPU.Build.0 = Release|Any CPU
		{0AFDA4D3-9AB0-46EC-B6D1-4673FFA5EFCC}.Debug|Any CPU.ActiveCfg = Debug|Any CPU
		{0AFDA4D3-9AB0-46EC-B6D1-4673FFA5EFCC}.Debug|Any CPU.Build.0 = Debug|Any CPU
		{0AFDA4D3-9AB0-46EC-B6D1-4673FFA5EFCC}.Release|Any CPU.ActiveCfg = Release|Any CPU
		{0AFDA4D3-9AB0-46EC-B6D1-4673FFA5EFCC}.Release|Any CPU.Build.0 = Release|Any CPU
	EndGlobalSection
	GlobalSection(SolutionProperties) = preSolution
		HideSolutionNode = FALSE
	EndGlobalSection
	GlobalSection(ExtensibilityGlobals) = postSolution
		SolutionGuid = {84D68172-1E89-4F4A-8018-AC41F612DE28}
	EndGlobalSection
EndGlobal
