Microsoft Visual Studio Solution File, Format Version 12.00
# Visual Studio Version 17
VisualStudioVersion = 17.5.2.0
MinimumVisualStudioVersion = 10.0.40219.1
Project("{FAE04EC0-301F-11D3-BF4B-00C04F79EFBC}") = "zadanie_1", "zadanie_1\zadanie_1.csproj", "{E10182EB-4921-2C6A-E586-3ED5063029ED}"
EndProject
Project("{FAE04EC0-301F-11D3-BF4B-00C04F79EFBC}") = "zadanie_2", "zadanie_2\zadanie_2.csproj", "{99CDF5E4-5992-29EF-998A-802B407DBA57}"
EndProject
Project("{FAE04EC0-301F-11D3-BF4B-00C04F79EFBC}") = "zadanie_3", "zadanie_3\zadanie_3.csproj", "{12FD646D-7022-7D75-F786-21910CFA6BAE}"
EndProject
Project("{FAE04EC0-301F-11D3-BF4B-00C04F79EFBC}") = "zadanie_4", "zadanie_4\zadanie_4.csproj", "{463B9E97-51FD-3B9D-FAA5-0EB77BE26D7E}"
EndProject
Project("{FAE04EC0-301F-11D3-BF4B-00C04F79EFBC}") = "zadanie_5", "zadanie_5\zadanie_5.csproj", "{F652F277-CA65-5390-8F8B-5C7810AA9B81}"
EndProject
Project("{FAE04EC0-301F-11D3-BF4B-00C04F79EFBC}") = "zadanie_6", "zadanie_6\zadanie_6.csproj", "{A1BBB481-8CAA-6BFE-34A1-76D09FF87833}"
EndProject
Global
	GlobalSection(SolutionConfigurationPlatforms) = preSolution
		Debug|Any CPU = Debug|Any CPU
		Release|Any CPU = Release|Any CPU
	EndGlobalSection
	GlobalSection(ProjectConfigurationPlatforms) = postSolution
		{E10182EB-4921-2C6A-E586-3ED5063029ED}.Debug|Any CPU.ActiveCfg = Debug|Any CPU
		{E10182EB-4921-2C6A-E586-3ED5063029ED}.Debug|Any CPU.Build.0 = Debug|Any CPU
		{E10182EB-4921-2C6A-E586-3ED5063029ED}.Release|Any CPU.ActiveCfg = Release|Any CPU
		{E10182EB-4921-2C6A-E586-3ED5063029ED}.Release|Any CPU.Build.0 = Release|Any CPU
		{99CDF5E4-5992-29EF-998A-802B407DBA57}.Debug|Any CPU.ActiveCfg = Debug|Any CPU
		{99CDF5E4-5992-29EF-998A-802B407DBA57}.Debug|Any CPU.Build.0 = Debug|Any CPU
		{99CDF5E4-5992-29EF-998A-802B407DBA57}.Release|Any CPU.ActiveCfg = Release|Any CPU
		{99CDF5E4-5992-29EF-998A-802B407DBA57}.Release|Any CPU.Build.0 = Release|Any CPU
		{12FD646D-7022-7D75-F786-21910CFA6BAE}.Debug|Any CPU.ActiveCfg = Debug|Any CPU
		{12FD646D-7022-7D75-F786-21910CFA6BAE}.Debug|Any CPU.Build.0 = Debug|Any CPU
		{12FD646D-7022-7D75-F786-21910CFA6BAE}.Release|Any CPU.ActiveCfg = Release|Any CPU
		{12FD646D-7022-7D75-F786-21910CFA6BAE}.Release|Any CPU.Build.0 = Release|Any CPU
		{463B9E97-51FD-3B9D-FAA5-0EB77BE26D7E}.Debug|Any CPU.ActiveCfg = Debug|Any CPU
		{463B9E97-51FD-3B9D-FAA5-0EB77BE26D7E}.Debug|Any CPU.Build.0 = Debug|Any CPU
		{463B9E97-51FD-3B9D-FAA5-0EB77BE26D7E}.Release|Any CPU.ActiveCfg = Release|Any CPU
		{463B9E97-51FD-3B9D-FAA5-0EB77BE26D7E}.Release|Any CPU.Build.0 = Release|Any CPU
		{F652F277-CA65-5390-8F8B-5C7810AA9B81}.Debug|Any CPU.ActiveCfg = Debug|Any CPU
		{F652F277-CA65-5390-8F8B-5C7810AA9B81}.Debug|Any CPU.Build.0 = Debug|Any CPU
		{F652F277-CA65-5390-8F8B-5C7810AA9B81}.Release|Any CPU.ActiveCfg = Release|Any CPU
		{F652F277-CA65-5390-8F8B-5C7810AA9B81}.Release|Any CPU.Build.0 = Release|Any CPU
		{A1BBB481-8CAA-6BFE-34A1-76D09FF87833}.Debug|Any CPU.ActiveCfg = Debug|Any CPU
		{A1BBB481-8CAA-6BFE-34A1-76D09FF87833}.Debug|Any CPU.Build.0 = Debug|Any CPU
		{A1BBB481-8CAA-6BFE-34A1-76D09FF87833}.Release|Any CPU.ActiveCfg = Release|Any CPU
		{A1BBB481-8CAA-6BFE-34A1-76D09FF87833}.Release|Any CPU.Build.0 = Release|Any CPU
	EndGlobalSection
	GlobalSection(SolutionProperties) = preSolution
		HideSolutionNode = FALSE
	EndGlobalSection
	GlobalSection(ExtensibilityGlobals) = postSolution
		SolutionGuid = {B31B6E08-B972-44A2-AA73-EC951D06640A}
	EndGlobalSection
EndGlobal
