
Microsoft Visual Studio Solution File, Format Version 12.00
# Visual Studio Version 17
VisualStudioVersion = 17.12.35527.113 d17.12
MinimumVisualStudioVersion = 10.0.40219.1
Project("{FAE04EC0-301F-11D3-BF4B-00C04F79EFBC}") = "zadanie_1", "zadanie_1\zadanie_1.csproj", "{7C48BD6D-156D-4CC6-9D67-212EC891D182}"
EndProject
Global
	GlobalSection(SolutionConfigurationPlatforms) = preSolution
		Debug|Any CPU = Debug|Any CPU
		Release|Any CPU = Release|Any CPU
	EndGlobalSection
	GlobalSection(ProjectConfigurationPlatforms) = postSolution
		{7C48BD6D-156D-4CC6-9D67-212EC891D182}.Debug|Any CPU.ActiveCfg = Debug|Any CPU
		{7C48BD6D-156D-4CC6-9D67-212EC891D182}.Debug|Any CPU.Build.0 = Debug|Any CPU
		{7C48BD6D-156D-4CC6-9D67-212EC891D182}.Release|Any CPU.ActiveCfg = Release|Any CPU
		{7C48BD6D-156D-4CC6-9D67-212EC891D182}.Release|Any CPU.Build.0 = Release|Any CPU
	EndGlobalSection
	GlobalSection(SolutionProperties) = preSolution
		HideSolutionNode = FALSE
	EndGlobalSection
EndGlobal
