
Microsoft Visual Studio Solution File, Format Version 12.00
# Visual Studio Version 17
VisualStudioVersion = 17.12.35527.113 d17.12
MinimumVisualStudioVersion = 10.0.40219.1
Project("{FAE04EC0-301F-11D3-BF4B-00C04F79EFBC}") = "zadanie_3", "zadanie_3\zadanie_3.csproj", "{932A1BAE-C8DC-468F-875B-8E23C572470E}"
EndProject
Global
	GlobalSection(SolutionConfigurationPlatforms) = preSolution
		Debug|Any CPU = Debug|Any CPU
		Release|Any CPU = Release|Any CPU
	EndGlobalSection
	GlobalSection(ProjectConfigurationPlatforms) = postSolution
		{932A1BAE-C8DC-468F-875B-8E23C572470E}.Debug|Any CPU.ActiveCfg = Debug|Any CPU
		{932A1BAE-C8DC-468F-875B-8E23C572470E}.Debug|Any CPU.Build.0 = Debug|Any CPU
		{932A1BAE-C8DC-468F-875B-8E23C572470E}.Release|Any CPU.ActiveCfg = Release|Any CPU
		{932A1BAE-C8DC-468F-875B-8E23C572470E}.Release|Any CPU.Build.0 = Release|Any CPU
	EndGlobalSection
	GlobalSection(SolutionProperties) = preSolution
		HideSolutionNode = FALSE
	EndGlobalSection
EndGlobal
