
Microsoft Visual Studio Solution File, Format Version 12.00
# Visual Studio Version 17
VisualStudioVersion = 17.14.36109.1 d17.14
MinimumVisualStudioVersion = 10.0.40219.1
Project("{FAE04EC0-301F-11D3-BF4B-00C04F79EFBC}") = "з1", "з1\з1.csproj", "{BFC36A90-7A20-4C84-982C-28EC909845EB}"
EndProject
Global
	GlobalSection(SolutionConfigurationPlatforms) = preSolution
		Debug|Any CPU = Debug|Any CPU
		Release|Any CPU = Release|Any CPU
	EndGlobalSection
	GlobalSection(ProjectConfigurationPlatforms) = postSolution
		{BFC36A90-7A20-4C84-982C-28EC909845EB}.Debug|Any CPU.ActiveCfg = Debug|Any CPU
		{BFC36A90-7A20-4C84-982C-28EC909845EB}.Debug|Any CPU.Build.0 = Debug|Any CPU
		{BFC36A90-7A20-4C84-982C-28EC909845EB}.Release|Any CPU.ActiveCfg = Release|Any CPU
		{BFC36A90-7A20-4C84-982C-28EC909845EB}.Release|Any CPU.Build.0 = Release|Any CPU
	EndGlobalSection
	GlobalSection(SolutionProperties) = preSolution
		HideSolutionNode = FALSE
	EndGlobalSection
	GlobalSection(ExtensibilityGlobals) = postSolution
		SolutionGuid = {294DDD24-A0E7-4276-945B-ACEFF2262271}
	EndGlobalSection
EndGlobal
